
Microsoft Visual Studio Solution File, Format Version 12.00
# Visual Studio Version 17
VisualStudioVersion = 17.3.32929.385
MinimumVisualStudioVersion = 10.0.40219.1
Project("{FAE04EC0-301F-11D3-BF4B-00C04F79EFBC}") = "POO polimorfismo", "POO polimorfismo\POO polimorfismo.csproj", "{93205409-EC0C-4CD1-8281-243D5C6319A6}"
EndProject
Project("{FAE04EC0-301F-11D3-BF4B-00C04F79EFBC}") = "WindowsPOO", "WindowsPOO\WindowsPOO.csproj", "{0CAB9A83-6EDA-4A0B-961E-0D9BFDA52187}"
EndProject
Project("{FAE04EC0-301F-11D3-BF4B-00C04F79EFBC}") = "LibAnimales", "LibAnimales\LibAnimales.csproj", "{2EF83D42-B149-4E42-9026-4CB12D9C423B}"
EndProject
Global
	GlobalSection(SolutionConfigurationPlatforms) = preSolution
		Debug|Any CPU = Debug|Any CPU
		Release|Any CPU = Release|Any CPU
	EndGlobalSection
	GlobalSection(ProjectConfigurationPlatforms) = postSolution
		{93205409-EC0C-4CD1-8281-243D5C6319A6}.Debug|Any CPU.ActiveCfg = Debug|Any CPU
		{93205409-EC0C-4CD1-8281-243D5C6319A6}.Debug|Any CPU.Build.0 = Debug|Any CPU
		{93205409-EC0C-4CD1-8281-243D5C6319A6}.Release|Any CPU.ActiveCfg = Release|Any CPU
		{93205409-EC0C-4CD1-8281-243D5C6319A6}.Release|Any CPU.Build.0 = Release|Any CPU
		{0CAB9A83-6EDA-4A0B-961E-0D9BFDA52187}.Debug|Any CPU.ActiveCfg = Debug|Any CPU
		{0CAB9A83-6EDA-4A0B-961E-0D9BFDA52187}.Debug|Any CPU.Build.0 = Debug|Any CPU
		{0CAB9A83-6EDA-4A0B-961E-0D9BFDA52187}.Release|Any CPU.ActiveCfg = Release|Any CPU
		{0CAB9A83-6EDA-4A0B-961E-0D9BFDA52187}.Release|Any CPU.Build.0 = Release|Any CPU
		{2EF83D42-B149-4E42-9026-4CB12D9C423B}.Debug|Any CPU.ActiveCfg = Debug|Any CPU
		{2EF83D42-B149-4E42-9026-4CB12D9C423B}.Debug|Any CPU.Build.0 = Debug|Any CPU
		{2EF83D42-B149-4E42-9026-4CB12D9C423B}.Release|Any CPU.ActiveCfg = Release|Any CPU
		{2EF83D42-B149-4E42-9026-4CB12D9C423B}.Release|Any CPU.Build.0 = Release|Any CPU
	EndGlobalSection
	GlobalSection(SolutionProperties) = preSolution
		HideSolutionNode = FALSE
	EndGlobalSection
	GlobalSection(ExtensibilityGlobals) = postSolution
		SolutionGuid = {23F7FDE3-2787-4CC1-8D0B-6916BD9BA531}
	EndGlobalSection
EndGlobal
